{
  "name": "intentlm-sdk-hello-world",
  "lockfileVersion": 3,
  "requires": true,
  "packages": {
    "": {
      "name": "intentlm-sdk-hello-world",
      "dependencies": {
        "intentlm-sdk": "file:../.."
      }
    },
    "../..": {
      "name": "intentlm-sdk",
      "version": "0.1.15",
      "license": "SEE LICENSE IN LICENSE",
      "devDependencies": {
        "@jest/globals": "^29.0.0",
        "@types/jest": "^30.0.0",
        "@types/node": "^20.0.0",
        "@types/react": "^18.0.0",
        "@typescript-eslint/eslint-plugin": "^7.0.0",
        "@typescript-eslint/parser": "^7.0.0",
        "esbuild": "^0.21.0",
        "eslint": "^8.57.0",
        "jest": "^29.0.0",
        "jest-environment-jsdom": "^30.4.1",
        "ts-jest": "^29.0.0",
        "typescript": "^5.4.0"
      },
      "engines": {
        "node": ">=18"
      },
      "peerDependencies": {
        "react": ">=17.0.0"
      },
      "peerDependenciesMeta": {
        "react": {
          "optional": true
        }
      }
    },
    "node_modules/intentlm-sdk": {
      "resolved": "../..",
      "link": true
    }
  }
}
